<?xml version="1.0" encoding="utf-8"?>
<Project ToolsVersion="4.0" xmlns="http://schemas.microsoft.com/developer/msbuild/2003">
  <ItemGroup>
    <Filter Include="ソースファイル">
      <UniqueIdentifier>{22b9d892-a108-4576-907a-6671f2b47c75}</UniqueIdentifier>
    </Filter>
    <Filter Include="シェーダー">
      <UniqueIdentifier>{15a18324-c569-44a5-860e-70b29ab50491}</UniqueIdentifier>
    </Filter>
    <Filter Include="ソースファイル\カメラ">
      <UniqueIdentifier>{4561f66d-646b-410b-8980-6e0d0e83782d}</UniqueIdentifier>
    </Filter>
    <Filter Include="ソースファイル\シーン">
      <UniqueIdentifier>{d200445d-b38a-4cfe-afb0-822a19aa506d}</UniqueIdentifier>
    </Filter>
    <Filter Include="ソースファイル\プレイヤー">
      <UniqueIdentifier>{0691efca-b459-4402-9bd9-ddf5c160be61}</UniqueIdentifier>
    </Filter>
    <Filter Include="ソースファイル\アプリ">
      <UniqueIdentifier>{3084c246-b69a-4652-8a81-096e9c7ab090}</UniqueIdentifier>
    </Filter>
    <Filter Include="ソースファイル\シェーダー">
      <UniqueIdentifier>{f47cc0d1-a12e-469d-b7ea-389cc1b7d144}</UniqueIdentifier>
    </Filter>
    <Filter Include="ソースファイル\リソース">
      <UniqueIdentifier>{9bbcc62a-8dc0-41e6-855c-50271dfd7fbc}</UniqueIdentifier>
    </Filter>
    <Filter Include="ソースファイル\レンダラー">
      <UniqueIdentifier>{40dc2f16-0df4-4a02-84e5-759fb56f6e10}</UniqueIdentifier>
    </Filter>
    <Filter Include="ソースファイル\描画">
      <UniqueIdentifier>{ceab042a-835d-40bc-a5bc-816c0c37d9a9}</UniqueIdentifier>
    </Filter>
    <Filter Include="ソースファイル\モデル">
      <UniqueIdentifier>{8df532a5-1bd4-4c9e-b5a3-cd098dc25cb8}</UniqueIdentifier>
    </Filter>
    <Filter Include="ソースファイル\入力">
      <UniqueIdentifier>{54aafe05-06b6-40a0-87fc-65221ee22d61}</UniqueIdentifier>
    </Filter>
    <Filter Include="ソースファイル\ステージ">
      <UniqueIdentifier>{1fd1280e-963f-407d-99a2-64ff85eaeefd}</UniqueIdentifier>
    </Filter>
  </ItemGroup>
  <ItemGroup>
    <ClCompile Include="Source\Camera.cpp">
      <Filter>ソースファイル\カメラ</Filter>
    </ClCompile>
    <ClCompile Include="Source\FreeCameraController.cpp">
      <Filter>ソースファイル\カメラ</Filter>
    </ClCompile>
    <ClCompile Include="Source\GLTFImporter.cpp">
      <Filter>ソースファイル\リソース</Filter>
    </ClCompile>
    <ClCompile Include="Source\GpuResourceUtils.cpp">
      <Filter>ソースファイル\リソース</Filter>
    </ClCompile>
    <ClCompile Include="Source\Graphics.cpp">
      <Filter>ソースファイル\描画</Filter>
    </ClCompile>
    <ClCompile Include="Source\Framework.cpp">
      <Filter>ソースファイル\アプリ</Filter>
    </ClCompile>
    <ClCompile Include="Source\Main.cpp">
      <Filter>ソースファイル\アプリ</Filter>
    </ClCompile>
    <ClCompile Include="Source\Dialog.cpp">
      <Filter>ソースファイル\アプリ</Filter>
    </ClCompile>
    <ClCompile Include="Source\ImGuiRenderer.cpp">
      <Filter>ソースファイル\レンダラー</Filter>
    </ClCompile>
    <ClCompile Include="Source\ModelRenderer.cpp">
      <Filter>ソースファイル\レンダラー</Filter>
    </ClCompile>
    <ClCompile Include="Source\ShapeRenderer.cpp">
      <Filter>ソースファイル\レンダラー</Filter>
    </ClCompile>
    <ClCompile Include="Source\PrimitiveRenderer.cpp">
      <Filter>ソースファイル\レンダラー</Filter>
    </ClCompile>
    <ClCompile Include="Source\BasicShader.cpp">
      <Filter>ソースファイル\シェーダー</Filter>
    </ClCompile>
    <ClCompile Include="Source\LambertShader.cpp">
      <Filter>ソースファイル\シェーダー</Filter>
    </ClCompile>
    <ClCompile Include="Source\Scene.cpp">
      <Filter>ソースファイル\シーン</Filter>
    </ClCompile>
    <ClCompile Include="Source\RenderState.cpp">
      <Filter>ソースファイル\描画</Filter>
    </ClCompile>
    <ClCompile Include="Source\Sprite.cpp">
      <Filter>ソースファイル\描画</Filter>
    </ClCompile>
    <ClCompile Include="Source\ModelViewerScene.cpp">
      <Filter>ソースファイル\シーン</Filter>
    </ClCompile>
    <ClCompile Include="Source\Player.cpp">
      <Filter>ソースファイル\プレイヤー</Filter>
    </ClCompile>
    <ClCompile Include="Source\Model.cpp">
      <Filter>ソースファイル\モデル</Filter>
    </ClCompile>
    <ClCompile Include="Source\Animator.cpp">
      <Filter>ソースファイル\モデル</Filter>
    </ClCompile>
    <ClCompile Include="Source\Input.cpp">
      <Filter>ソースファイル\入力</Filter>
    </ClCompile>
    <ClCompile Include="Source\Mouse.cpp">
      <Filter>ソースファイル\入力</Filter>
    </ClCompile>
    <ClCompile Include="Source\GamePad.cpp">
      <Filter>ソースファイル\入力</Filter>
    </ClCompile>
    <ClCompile Include="Source\Stage.cpp">
      <Filter>ソースファイル\ステージ</Filter>
    </ClCompile>
  </ItemGroup>
  <ItemGroup>
    <ClInclude Include="Source\Camera.h">
      <Filter>ソースファイル\カメラ</Filter>
    </ClInclude>
    <ClInclude Include="Source\FreeCameraController.h">
      <Filter>ソースファイル\カメラ</Filter>
    </ClInclude>
    <ClInclude Include="Source\GLTFImporter.h">
      <Filter>ソースファイル\リソース</Filter>
    </ClInclude>
    <ClInclude Include="Source\GpuResourceUtils.h">
      <Filter>ソースファイル\リソース</Filter>
    </ClInclude>
    <ClInclude Include="Source\Graphics.h">
      <Filter>ソースファイル\描画</Filter>
    </ClInclude>
    <ClInclude Include="Source\HighResolutionTimer.h">
      <Filter>ソースファイル\リソース</Filter>
    </ClInclude>
    <ClInclude Include="Source\Framework.h">
      <Filter>ソースファイル\アプリ</Filter>
    </ClInclude>
    <ClInclude Include="Source\Misc.h">
      <Filter>ソースファイル\アプリ</Filter>
    </ClInclude>
    <ClInclude Include="Source\Dialog.h">
      <Filter>ソースファイル\アプリ</Filter>
    </ClInclude>
    <ClInclude Include="Source\RenderContext.h">
      <Filter>ソースファイル\描画</Filter>
    </ClInclude>
    <ClInclude Include="Source\Light.h">
      <Filter>ソースファイル\描画</Filter>
    </ClInclude>
    <ClInclude Include="Source\ImGuiRenderer.h">
      <Filter>ソースファイル\レンダラー</Filter>
    </ClInclude>
    <ClInclude Include="Source\ModelRenderer.h">
      <Filter>ソースファイル\レンダラー</Filter>
    </ClInclude>
    <ClInclude Include="Source\ShapeRenderer.h">
      <Filter>ソースファイル\レンダラー</Filter>
    </ClInclude>
    <ClInclude Include="Source\PrimitiveRenderer.h">
      <Filter>ソースファイル\レンダラー</Filter>
    </ClInclude>
    <ClInclude Include="Source\BasicShader.h">
      <Filter>ソースファイル\シェーダー</Filter>
    </ClInclude>
    <ClInclude Include="Source\LambertShader.h">
      <Filter>ソースファイル\シェーダー</Filter>
    </ClInclude>
    <ClInclude Include="Source\Scene.h">
      <Filter>ソースファイル\シーン</Filter>
    </ClInclude>
    <ClInclude Include="Source\RenderState.h">
      <Filter>ソースファイル\描画</Filter>
    </ClInclude>
    <ClInclude Include="Source\Shader.h">
      <Filter>ソースファイル\シェーダー</Filter>
    </ClInclude>
    <ClInclude Include="Source\Sprite.h">
      <Filter>ソースファイル\描画</Filter>
    </ClInclude>
    <ClInclude Include="Source\ModelViewerScene.h">
      <Filter>ソースファイル\シーン</Filter>
    </ClInclude>
    <ClInclude Include="Source\Player.h">
      <Filter>ソースファイル\プレイヤー</Filter>
    </ClInclude>
    <ClInclude Include="Source\Common.h">
      <Filter>ソースファイル</Filter>
    </ClInclude>
    <ClInclude Include="Source\Model.h">
      <Filter>ソースファイル\モデル</Filter>
    </ClInclude>
    <ClInclude Include="Source\Animator.h">
      <Filter>ソースファイル\モデル</Filter>
    </ClInclude>
    <ClInclude Include="Source\GamePad.h">
      <Filter>ソースファイル\入力</Filter>
    </ClInclude>
    <ClInclude Include="Source\Input.h">
      <Filter>ソースファイル\入力</Filter>
    </ClInclude>
    <ClInclude Include="Source\Mouse.h">
      <Filter>ソースファイル\入力</Filter>
    </ClInclude>
    <ClInclude Include="Source\Stage.h">
      <Filter>ソースファイル\ステージ</Filter>
    </ClInclude>
  </ItemGroup>
  <ItemGroup>
    <None Include="Shader\Basic.hlsli">
      <Filter>シェーダー</Filter>
    </None>
    <None Include="Shader\Lambert.hlsli">
      <Filter>シェーダー</Filter>
    </None>
    <None Include="Shader\PrimitiveRenderer.hlsli">
      <Filter>シェーダー</Filter>
    </None>
    <None Include="Shader\Scene.hlsli">
      <Filter>シェーダー</Filter>
    </None>
    <None Include="Shader\ShapeRenderer.hlsli">
      <Filter>シェーダー</Filter>
    </None>
    <None Include="Shader\Skinning.hlsli">
      <Filter>シェーダー</Filter>
    </None>
    <None Include="Shader\Sprite.hlsli">
      <Filter>シェーダー</Filter>
    </None>
    <None Include=".gitignore" />
  </ItemGroup>
  <ItemGroup>
    <FxCompile Include="Shader\BasicPS.hlsl">
      <Filter>シェーダー</Filter>
    </FxCompile>
    <FxCompile Include="Shader\BasicVS.hlsl">
      <Filter>シェーダー</Filter>
    </FxCompile>
    <FxCompile Include="Shader\LambertPS.hlsl">
      <Filter>シェーダー</Filter>
    </FxCompile>
    <FxCompile Include="Shader\LambertVS.hlsl">
      <Filter>シェーダー</Filter>
    </FxCompile>
    <FxCompile Include="Shader\PrimitiveRendererPS.hlsl">
      <Filter>シェーダー</Filter>
    </FxCompile>
    <FxCompile Include="Shader\PrimitiveRendererVS.hlsl">
      <Filter>シェーダー</Filter>
    </FxCompile>
    <FxCompile Include="Shader\ShapeRendererPS.hlsl">
      <Filter>シェーダー</Filter>
    </FxCompile>
    <FxCompile Include="Shader\ShapeRendererVS.hlsl">
      <Filter>シェーダー</Filter>
    </FxCompile>
    <FxCompile Include="Shader\SpritePS.hlsl">
      <Filter>シェーダー</Filter>
    </FxCompile>
    <FxCompile Include="Shader\SpriteVS.hlsl">
      <Filter>シェーダー</Filter>
    </FxCompile>
  </ItemGroup>
</Project>