<?xml version="1.0" encoding="utf-8"?>
<Project xmlns="http://schemas.microsoft.com/developer/msbuild/2003" ToolsVersion="4.0">
  <ItemGroup>
    <Filter Include="Animation">
      <UniqueIdentifier>{bec44de4-182a-5342-9af4-1e54aa2fe358}</UniqueIdentifier>
    </Filter>
    <Filter Include="Application">
      <UniqueIdentifier>{26d30179-1711-5c6f-b1fd-77306bab4640}</UniqueIdentifier>
    </Filter>
    <Filter Include="Application\Bootstrap">
      <UniqueIdentifier>{a0b5356b-83a8-5461-9e62-beb3ad77de49}</UniqueIdentifier>
    </Filter>
    <Filter Include="Application\Input">
      <UniqueIdentifier>{3bbf9c12-77f5-5dd9-8501-25c5f35b31c8}</UniqueIdentifier>
    </Filter>
    <Filter Include="Application\SettingsAndDebug">
      <UniqueIdentifier>{97c321c8-115a-5871-bcea-30517ad367ea}</UniqueIdentifier>
    </Filter>
    <Filter Include="Application\Time">
      <UniqueIdentifier>{377672cd-acc6-552a-93a6-590f7511c2c7}</UniqueIdentifier>
    </Filter>
    <Filter Include="Application\Tools">
      <UniqueIdentifier>{5b69eaee-6bd3-53fe-800c-1de20bd2c4ad}</UniqueIdentifier>
    </Filter>
    <Filter Include="Core">
      <UniqueIdentifier>{4d219df1-c552-5299-a6a7-11ef209370cd}</UniqueIdentifier>
    </Filter>
    <Filter Include="Core\Foundation">
      <UniqueIdentifier>{7ef62bea-1b27-59ef-9bc3-0d36ba9cd606}</UniqueIdentifier>
    </Filter>
    <Filter Include="Core\Object">
      <UniqueIdentifier>{e34a08e9-dc82-52f2-89be-08368adc9907}</UniqueIdentifier>
    </Filter>
    <Filter Include="Gameplay">
      <UniqueIdentifier>{87093877-7f27-558f-b28a-f32f4700ebad}</UniqueIdentifier>
    </Filter>
    <Filter Include="Gameplay\AI">
      <UniqueIdentifier>{c6571121-f585-5a8c-8aec-ebe2b55c96f4}</UniqueIdentifier>
    </Filter>
    <Filter Include="Gameplay\Actor">
      <UniqueIdentifier>{6434a9c3-d783-5dcf-88ae-a64386ef2799}</UniqueIdentifier>
    </Filter>
    <Filter Include="Gameplay\Camera">
      <UniqueIdentifier>{2101424f-8d01-5850-a29d-f078d3023b7c}</UniqueIdentifier>
    </Filter>
    <Filter Include="Gameplay\Lighting">
      <UniqueIdentifier>{6a1cb470-6e2a-51b1-91d7-2fca111db099}</UniqueIdentifier>
    </Filter>
    <Filter Include="Gameplay\Player">
      <UniqueIdentifier>{8f6752d2-e46a-57c6-999c-a5cee67713a0}</UniqueIdentifier>
    </Filter>
    <Filter Include="Gameplay\Scene">
      <UniqueIdentifier>{1ad6a432-eaeb-55b3-9046-d9820f1e1562}</UniqueIdentifier>
    </Filter>
    <Filter Include="Gameplay\Stage">
      <UniqueIdentifier>{6c8bc7e4-7ae9-5ab5-a7a4-28672141f079}</UniqueIdentifier>
    </Filter>
    <Filter Include="Physics">
      <UniqueIdentifier>{064777ca-9599-5d31-bdb1-c3eac57208b8}</UniqueIdentifier>
    </Filter>
    <Filter Include="Physics\Collider">
      <UniqueIdentifier>{8f0fea58-10b8-53b6-b196-57707e486b53}</UniqueIdentifier>
    </Filter>
    <Filter Include="Physics\Core">
      <UniqueIdentifier>{d48a9a79-86a6-51f1-9a03-20e40da19555}</UniqueIdentifier>
    </Filter>
    <Filter Include="Physics\Navigation">
      <UniqueIdentifier>{54b9cdce-71b7-5f38-9bbc-1615a7199cd3}</UniqueIdentifier>
    </Filter>
    <Filter Include="Physics\RigidBody">
      <UniqueIdentifier>{35001063-91f9-5328-b984-f1c4e6c91707}</UniqueIdentifier>
    </Filter>
    <Filter Include="Project">
      <UniqueIdentifier>{b5466245-aacb-5f60-87d5-7edd25927ba9}</UniqueIdentifier>
    </Filter>
    <Filter Include="Rendering">
      <UniqueIdentifier>{610b5913-428e-52d1-8867-0b25f8781106}</UniqueIdentifier>
    </Filter>
    <Filter Include="Rendering\Component">
      <UniqueIdentifier>{f19cbdc6-f140-51a9-92ed-2aeda68b7091}</UniqueIdentifier>
    </Filter>
    <Filter Include="Rendering\Core">
      <UniqueIdentifier>{567241f6-c4dc-523e-a58a-92a3419f5d66}</UniqueIdentifier>
    </Filter>
    <Filter Include="Rendering\Effect">
      <UniqueIdentifier>{387e536b-fc83-5c5e-ba05-3a11be4d169d}</UniqueIdentifier>
    </Filter>
    <Filter Include="Rendering\Renderer">
      <UniqueIdentifier>{ce086930-c12e-5ec8-96b3-92d36f596589}</UniqueIdentifier>
    </Filter>
    <Filter Include="Rendering\Shader">
      <UniqueIdentifier>{447a0bfd-a5cc-5a41-a12c-fa02ee6d8b4e}</UniqueIdentifier>
    </Filter>
    <Filter Include="Resource">
      <UniqueIdentifier>{db470d82-6a2d-5449-9673-88c6ff2e4e54}</UniqueIdentifier>
    </Filter>
    <Filter Include="Shaders">
      <UniqueIdentifier>{4734be18-9a06-59b1-a6cf-5367e5eddbcc}</UniqueIdentifier>
    </Filter>
    <Filter Include="Shaders\2D">
      <UniqueIdentifier>{2c438fde-5c13-593a-a138-a41b8500d104}</UniqueIdentifier>
    </Filter>
    <Filter Include="Shaders\3D">
      <UniqueIdentifier>{79a9aa39-2e31-5831-be27-79cd22e8ad3e}</UniqueIdentifier>
    </Filter>
    <Filter Include="Shaders\Common">
      <UniqueIdentifier>{2a201606-7876-57a3-b53e-52b7d4e9f433}</UniqueIdentifier>
    </Filter>
    <Filter Include="Shaders\Particle">
      <UniqueIdentifier>{aaf0412e-4e9c-56af-b7fd-036c1b5f485d}</UniqueIdentifier>
    </Filter>
    <Filter Include="Shaders\PostProcess">
      <UniqueIdentifier>{74d2d87a-69de-5b8a-b1be-c142d568a330}</UniqueIdentifier>
    </Filter>
    <Filter Include="UI">
      <UniqueIdentifier>{010f6bd1-88eb-5d1e-b669-bf7e07878617}</UniqueIdentifier>
    </Filter>
  </ItemGroup>
  <ItemGroup>
    <ClCompile Include="Source\Camera.cpp">
      <Filter>Gameplay\Camera</Filter>
    </ClCompile>
    <ClCompile Include="Source\FreeCameraController.cpp">
      <Filter>Gameplay\Camera</Filter>
    </ClCompile>
    <ClCompile Include="Source\GLTFImporter.cpp">
      <Filter>Resource</Filter>
    </ClCompile>
    <ClCompile Include="Source\GpuResourceUtils.cpp">
      <Filter>Resource</Filter>
    </ClCompile>
    <ClCompile Include="Source\Framework.cpp">
      <Filter>Application\Bootstrap</Filter>
    </ClCompile>
    <ClCompile Include="Source\Main.cpp">
      <Filter>Application\Bootstrap</Filter>
    </ClCompile>
    <ClCompile Include="Source\Dialog.cpp">
      <Filter>Gameplay\Actor</Filter>
    </ClCompile>
    <ClCompile Include="Source\PhysicsManager.cpp">
      <Filter>Physics\Core</Filter>
    </ClCompile>
    <ClCompile Include="Source\Widget.cpp">
      <Filter>UI</Filter>
    </ClCompile>
    <ClCompile Include="Source\LocalPlayer.cpp">
      <Filter>Gameplay\Player</Filter>
    </ClCompile>
    <ClCompile Include="Source\EffectManager.cpp">
      <Filter>Rendering\Effect</Filter>
    </ClCompile>
    <ClCompile Include="Source\Effect.cpp">
      <Filter>Rendering\Effect</Filter>
    </ClCompile>
    <ClCompile Include="Source\BasicModelShader.cpp">
      <Filter>Rendering\Shader</Filter>
    </ClCompile>
    <ClCompile Include="Source\BasicSpriteShader.cpp">
      <Filter>Rendering\Shader</Filter>
    </ClCompile>
    <ClCompile Include="Source\Model.cpp">
      <Filter>Resource</Filter>
    </ClCompile>
    <ClCompile Include="Source\Shader.cpp">
      <Filter>Rendering\Shader</Filter>
    </ClCompile>
    <ClCompile Include="Source\Object.cpp">
      <Filter>Core\Object</Filter>
    </ClCompile>
    <ClCompile Include="Source\Texture.cpp">
      <Filter>Resource</Filter>
    </ClCompile>
    <ClCompile Include="Source\GaussianFilterShader.cpp">
      <Filter>Rendering\Shader</Filter>
    </ClCompile>
    <ClCompile Include="Source\ModelRenderComponent.cpp">
      <Filter>Rendering\Component</Filter>
    </ClCompile>
    <ClCompile Include="Source\SpriteRenderComponent.cpp">
      <Filter>Rendering\Component</Filter>
    </ClCompile>
    <ClCompile Include="Source\TrailRenderComponent.cpp">
      <Filter>Rendering\Component</Filter>
    </ClCompile>
    <ClCompile Include="Source\Input.cpp">
      <Filter>Application\Input</Filter>
    </ClCompile>
    <ClCompile Include="Source\Mouse.cpp">
      <Filter>Application\Input</Filter>
    </ClCompile>
    <ClCompile Include="Source\GamePad.cpp">
      <Filter>Application\Input</Filter>
    </ClCompile>
    <ClCompile Include="Source\Terrain.cpp">
      <Filter>Gameplay\Stage</Filter>
    </ClCompile>
    <ClCompile Include="Source\DamageHoleComponent.cpp">
      <Filter>Rendering\Component</Filter>
    </ClCompile>
    <ClCompile Include="Source\SpriteWidget.cpp">
      <Filter>UI</Filter>
    </ClCompile>
    <ClCompile Include="Source\DynamicAnimationSerializer.cpp">
      <Filter>Application\Tools</Filter>
    </ClCompile>
    <ClCompile Include="Source\DynamicAnimation.cpp">
      <Filter>Application\Tools</Filter>
    </ClCompile>
    <ClCompile Include="Source\LightManager.cpp">
      <Filter>Gameplay\Lighting</Filter>
    </ClCompile>
    <ClCompile Include="Source\Light.cpp">
      <Filter>Gameplay\Lighting</Filter>
    </ClCompile>
    <ClCompile Include="Source\Stage01.cpp">
      <Filter>Gameplay\Stage</Filter>
    </ClCompile>
    <ClCompile Include="Source\UserSettingsManager.cpp">
      <Filter>Application\SettingsAndDebug</Filter>
    </ClCompile>
    <ClCompile Include="Source\StageLoader.cpp">
      <Filter>Gameplay\Stage</Filter>
    </ClCompile>
    <ClCompile Include="Source\Entity.cpp">
      <Filter>Gameplay\Actor</Filter>
    </ClCompile>
    <ClCompile Include="Source\Player.cpp">
      <Filter>Gameplay\Player</Filter>
    </ClCompile>
    <ClCompile Include="Source\Apple.cpp">
      <Filter>Gameplay\Actor</Filter>
    </ClCompile>
    <ClCompile Include="Source\AracoreQueen.cpp">
      <Filter>Gameplay\Actor</Filter>
    </ClCompile>
    <ClCompile Include="Source\Prop.cpp">
      <Filter>Gameplay\Actor</Filter>
    </ClCompile>
    <ClCompile Include="Source\CrystalProp.cpp">
      <Filter>Gameplay\Actor</Filter>
    </ClCompile>
    <ClCompile Include="Source\LoadingScene.cpp">
      <Filter>Gameplay\Scene</Filter>
    </ClCompile>
    <ClCompile Include="Source\TestPlayScene.cpp">
      <Filter>Gameplay\Scene</Filter>
    </ClCompile>
    <ClCompile Include="Source\Scene.cpp">
      <Filter>Gameplay\Scene</Filter>
    </ClCompile>
    <ClCompile Include="Source\SceneManager.cpp">
      <Filter>Gameplay\Scene</Filter>
    </ClCompile>
    <ClCompile Include="Source\FpsCameraController.cpp">
      <Filter>Gameplay\Camera</Filter>
    </ClCompile>
    <ClCompile Include="Source\MovieCameraController.cpp">
      <Filter>Gameplay\Camera</Filter>
    </ClCompile>
    <ClCompile Include="Source\ThirdPersonCameraController.cpp">
      <Filter>Gameplay\Camera</Filter>
    </ClCompile>
    <ClCompile Include="Source\ModelRenderer.cpp">
      <Filter>Rendering\Renderer</Filter>
    </ClCompile>
    <ClCompile Include="Source\ShadowMapRenderer.cpp">
      <Filter>Rendering\Renderer</Filter>
    </ClCompile>
    <ClCompile Include="Source\ImGuiRenderer.cpp">
      <Filter>Rendering\Renderer</Filter>
    </ClCompile>
    <ClCompile Include="Source\ShapeRenderer.cpp">
      <Filter>Rendering\Renderer</Filter>
    </ClCompile>
    <ClCompile Include="Source\SkyBoxRenderer.cpp">
      <Filter>Rendering\Renderer</Filter>
    </ClCompile>
    <ClCompile Include="Source\SpriteRenderer.cpp">
      <Filter>Rendering\Renderer</Filter>
    </ClCompile>
    <ClCompile Include="Source\TrailRenderer.cpp">
      <Filter>Rendering\Renderer</Filter>
    </ClCompile>
    <ClCompile Include="Source\PrimitiveRenderer.cpp">
      <Filter>Rendering\Renderer</Filter>
    </ClCompile>
    <ClCompile Include="Source\Graphics.cpp">
      <Filter>Rendering\Core</Filter>
    </ClCompile>
    <ClCompile Include="Source\RenderState.cpp">
      <Filter>Rendering\Core</Filter>
    </ClCompile>
    <ClCompile Include="Source\RenderTarget.cpp">
      <Filter>Rendering\Core</Filter>
    </ClCompile>
    <ClCompile Include="Source\GameTime.cpp">
      <Filter>Application\Time</Filter>
    </ClCompile>
    <ClCompile Include="Source\Actor.cpp">
      <Filter>Gameplay\Actor</Filter>
    </ClCompile>
    <ClCompile Include="Source\GamePostProcess.cpp">
      <Filter>Rendering\Shader</Filter>
    </ClCompile>
    <ClCompile Include="Source\PBRShader.cpp">
      <Filter>Rendering\Shader</Filter>
    </ClCompile>
    <ClCompile Include="Source\CameraEffectController.cpp">
      <Filter>Gameplay\Scene</Filter>
    </ClCompile>
    <ClCompile Include="Source\HitStop.cpp">
      <Filter>Gameplay\Scene</Filter>
    </ClCompile>
    <ClCompile Include="Source\PostProcessController.cpp">
      <Filter>Gameplay\Scene</Filter>
    </ClCompile>
    <ClCompile Include="Source\ParticleSystem.cpp">
      <Filter>Rendering\Effect</Filter>
    </ClCompile>
    <ClCompile Include="Source\Aracore.cpp">
      <Filter>Gameplay\Actor</Filter>
    </ClCompile>
    <ClCompile Include="Source\RectTransform.cpp">
      <Filter>Core\Object</Filter>
    </ClCompile>
    <ClCompile Include="Source\Transform.cpp">
      <Filter>Core\Object</Filter>
    </ClCompile>
    <ClCompile Include="Source\Animator.cpp">
      <Filter>Animation</Filter>
    </ClCompile>
    <ClCompile Include="Source\BoneFollower.cpp">
      <Filter>Animation</Filter>
    </ClCompile>
    <ClCompile Include="Source\FootIK.cpp">
      <Filter>Animation</Filter>
    </ClCompile>
    <ClCompile Include="Source\HumanoidFootIK.cpp">
      <Filter>Animation</Filter>
    </ClCompile>
    <ClCompile Include="Source\SpiderFootIK.cpp">
      <Filter>Animation</Filter>
    </ClCompile>
    <ClCompile Include="Source\NavMeshActor.cpp">
      <Filter>Physics\Navigation</Filter>
    </ClCompile>
    <ClCompile Include="Source\NavMeshAgent.cpp">
      <Filter>Physics\Navigation</Filter>
    </ClCompile>
    <ClCompile Include="Source\NavMeshObstacle.cpp">
      <Filter>Physics\Navigation</Filter>
    </ClCompile>
    <ClCompile Include="Source\LookAt.cpp">
      <Filter>Animation</Filter>
    </ClCompile>
    <ClCompile Include="Source\BoneBoxCollider.cpp">
      <Filter>Physics\Collider</Filter>
    </ClCompile>
    <ClCompile Include="Source\BoneCapsuleCollider.cpp">
      <Filter>Physics\Collider</Filter>
    </ClCompile>
    <ClCompile Include="Source\BoneCollider.cpp">
      <Filter>Physics\Collider</Filter>
    </ClCompile>
    <ClCompile Include="Source\BoneSphereCollider.cpp">
      <Filter>Physics\Collider</Filter>
    </ClCompile>
    <ClCompile Include="Source\BoxCollider.cpp">
      <Filter>Physics\Collider</Filter>
    </ClCompile>
    <ClCompile Include="Source\CapsuleCollider.cpp">
      <Filter>Physics\Collider</Filter>
    </ClCompile>
    <ClCompile Include="Source\CharacterController.cpp">
      <Filter>Physics\Collider</Filter>
    </ClCompile>
    <ClCompile Include="Source\MeshCollider.cpp">
      <Filter>Physics\Collider</Filter>
    </ClCompile>
    <ClCompile Include="Source\SphereCollider.cpp">
      <Filter>Physics\Collider</Filter>
    </ClCompile>
    <ClCompile Include="Source\SpringBone.cpp">
      <Filter>Animation</Filter>
    </ClCompile>
    <ClCompile Include="Source\TerrainMeshCollider.cpp">
      <Filter>Physics\Collider</Filter>
    </ClCompile>
    <ClCompile Include="Source\RigidbodyDynamic.cpp">
      <Filter>Physics\RigidBody</Filter>
    </ClCompile>
    <ClCompile Include="Source\RigidbodyStatic.cpp">
      <Filter>Physics\RigidBody</Filter>
    </ClCompile>
  </ItemGroup>
  <ItemGroup>
    <ClInclude Include="Source\Camera.h">
      <Filter>Gameplay\Camera</Filter>
    </ClInclude>
    <ClInclude Include="Source\FreeCameraController.h">
      <Filter>Gameplay\Camera</Filter>
    </ClInclude>
    <ClInclude Include="Source\GLTFImporter.h">
      <Filter>Resource</Filter>
    </ClInclude>
    <ClInclude Include="Source\GpuResourceUtils.h">
      <Filter>Resource</Filter>
    </ClInclude>
    <ClInclude Include="Source\Framework.h">
      <Filter>Application\Bootstrap</Filter>
    </ClInclude>
    <ClInclude Include="Source\Dialog.h">
      <Filter>Gameplay\Actor</Filter>
    </ClInclude>
    <ClInclude Include="Source\Shader.h">
      <Filter>Rendering\Shader</Filter>
    </ClInclude>
    <ClInclude Include="Source\PhysicsManager.h">
      <Filter>Physics\Core</Filter>
    </ClInclude>
    <ClInclude Include="Source\Component.h">
      <Filter>Core\Object</Filter>
    </ClInclude>
    <ClInclude Include="Source\CameraController.h">
      <Filter>Gameplay\Camera</Filter>
    </ClInclude>
    <ClInclude Include="Source\Widget.h">
      <Filter>UI</Filter>
    </ClInclude>
    <ClInclude Include="Source\PlayerController.h">
      <Filter>Gameplay\Player</Filter>
    </ClInclude>
    <ClInclude Include="Source\LocalPlayer.h">
      <Filter>Gameplay\Player</Filter>
    </ClInclude>
    <ClInclude Include="Source\AnimEditorWindow.h">
      <Filter>Application\Tools</Filter>
    </ClInclude>
    <ClInclude Include="Source\AnimatorSerializer.h">
      <Filter>Animation</Filter>
    </ClInclude>
    <ClInclude Include="Source\EffectManager.h">
      <Filter>Rendering\Effect</Filter>
    </ClInclude>
    <ClInclude Include="Source\Effect.h">
      <Filter>Rendering\Effect</Filter>
    </ClInclude>
    <ClInclude Include="Source\BasicModelShader.h">
      <Filter>Rendering\Shader</Filter>
    </ClInclude>
    <ClInclude Include="Source\BasicSpriteShader.h">
      <Filter>Rendering\Shader</Filter>
    </ClInclude>
    <ClInclude Include="Source\Model.h">
      <Filter>Resource</Filter>
    </ClInclude>
    <ClInclude Include="Source\Object.h">
      <Filter>Core\Object</Filter>
    </ClInclude>
    <ClInclude Include="Source\ResourceManager.h">
      <Filter>Resource</Filter>
    </ClInclude>
    <ClInclude Include="Source\Texture.h">
      <Filter>Resource</Filter>
    </ClInclude>
    <ClInclude Include="Source\ShaderParam.h">
      <Filter>Rendering\Core</Filter>
    </ClInclude>
    <ClInclude Include="Source\EnemyAIController.h">
      <Filter>Gameplay\AI</Filter>
    </ClInclude>
    <ClInclude Include="Source\GaussianFilterShader.h">
      <Filter>Rendering\Shader</Filter>
    </ClInclude>
    <ClInclude Include="Source\ModelRenderComponent.h">
      <Filter>Rendering\Component</Filter>
    </ClInclude>
    <ClInclude Include="Source\DamageHoleComponent.h">
      <Filter>Rendering\Component</Filter>
    </ClInclude>
    <ClInclude Include="Source\SpriteRenderComponent.h">
      <Filter>Rendering\Component</Filter>
    </ClInclude>
    <ClInclude Include="Source\TrailRenderComponent.h">
      <Filter>Rendering\Component</Filter>
    </ClInclude>
    <ClInclude Include="Source\Input.h">
      <Filter>Application\Input</Filter>
    </ClInclude>
    <ClInclude Include="Source\Mouse.h">
      <Filter>Application\Input</Filter>
    </ClInclude>
    <ClInclude Include="Source\GamePad.h">
      <Filter>Application\Input</Filter>
    </ClInclude>
    <ClInclude Include="Source\Terrain.h">
      <Filter>Gameplay\Stage</Filter>
    </ClInclude>
    <ClInclude Include="Source\SpriteWidget.h">
      <Filter>UI</Filter>
    </ClInclude>
    <ClInclude Include="Source\DynamicAnimationEditorWindow.h">
      <Filter>Application\Tools</Filter>
    </ClInclude>
    <ClInclude Include="Source\DynamicAnimationSerializer.h">
      <Filter>Application\Tools</Filter>
    </ClInclude>
    <ClInclude Include="Source\DynamicAnimation.h">
      <Filter>Application\Tools</Filter>
    </ClInclude>
    <ClInclude Include="Source\Light.h">
      <Filter>Gameplay\Lighting</Filter>
    </ClInclude>
    <ClInclude Include="Source\WidgetManager.h">
      <Filter>UI</Filter>
    </ClInclude>
    <ClInclude Include="Source\LightManager.h">
      <Filter>Gameplay\Lighting</Filter>
    </ClInclude>
    <ClInclude Include="Source\CbLightData.h">
      <Filter>Gameplay\Lighting</Filter>
    </ClInclude>
    <ClInclude Include="Source\Stage01.h">
      <Filter>Gameplay\Stage</Filter>
    </ClInclude>
    <ClInclude Include="Source\PhysicsComponent.h">
      <Filter>Physics\Core</Filter>
    </ClInclude>
    <ClInclude Include="Source\UserSettingsManager.h">
      <Filter>Application\SettingsAndDebug</Filter>
    </ClInclude>
    <ClInclude Include="Source\StageLoader.h">
      <Filter>Gameplay\Stage</Filter>
    </ClInclude>
    <ClInclude Include="Source\Player.h">
      <Filter>Gameplay\Player</Filter>
    </ClInclude>
    <ClInclude Include="Source\Entity.h">
      <Filter>Gameplay\Actor</Filter>
    </ClInclude>
    <ClInclude Include="Source\AracoreQueen.h">
      <Filter>Gameplay\Actor</Filter>
    </ClInclude>
    <ClInclude Include="Source\Apple.h">
      <Filter>Gameplay\Actor</Filter>
    </ClInclude>
    <ClInclude Include="Source\Prop.h">
      <Filter>Gameplay\Actor</Filter>
    </ClInclude>
    <ClInclude Include="Source\CrystalProp.h">
      <Filter>Gameplay\Actor</Filter>
    </ClInclude>
    <ClInclude Include="Source\TestPlayScene.h">
      <Filter>Gameplay\Scene</Filter>
    </ClInclude>
    <ClInclude Include="Source\LoadingScene.h">
      <Filter>Gameplay\Scene</Filter>
    </ClInclude>
    <ClInclude Include="Source\Scene.h">
      <Filter>Gameplay\Scene</Filter>
    </ClInclude>
    <ClInclude Include="Source\SceneManager.h">
      <Filter>Gameplay\Scene</Filter>
    </ClInclude>
    <ClInclude Include="Source\ThirdPersonCameraController.h">
      <Filter>Gameplay\Camera</Filter>
    </ClInclude>
    <ClInclude Include="Source\FpsCameraController.h">
      <Filter>Gameplay\Camera</Filter>
    </ClInclude>
    <ClInclude Include="Source\MovieCameraController.h">
      <Filter>Gameplay\Camera</Filter>
    </ClInclude>
    <ClInclude Include="Source\ModelRenderer.h">
      <Filter>Rendering\Renderer</Filter>
    </ClInclude>
    <ClInclude Include="Source\ShadowMapRenderer.h">
      <Filter>Rendering\Renderer</Filter>
    </ClInclude>
    <ClInclude Include="Source\ImGuiRenderer.h">
      <Filter>Rendering\Renderer</Filter>
    </ClInclude>
    <ClInclude Include="Source\ShapeRenderer.h">
      <Filter>Rendering\Renderer</Filter>
    </ClInclude>
    <ClInclude Include="Source\SkyBoxRenderer.h">
      <Filter>Rendering\Renderer</Filter>
    </ClInclude>
    <ClInclude Include="Source\SpriteRenderer.h">
      <Filter>Rendering\Renderer</Filter>
    </ClInclude>
    <ClInclude Include="Source\TrailRenderer.h">
      <Filter>Rendering\Renderer</Filter>
    </ClInclude>
    <ClInclude Include="Source\PrimitiveRenderer.h">
      <Filter>Rendering\Renderer</Filter>
    </ClInclude>
    <ClInclude Include="Source\Graphics.h">
      <Filter>Rendering\Core</Filter>
    </ClInclude>
    <ClInclude Include="Source\RenderContext.h">
      <Filter>Rendering\Core</Filter>
    </ClInclude>
    <ClInclude Include="Source\RenderState.h">
      <Filter>Rendering\Core</Filter>
    </ClInclude>
    <ClInclude Include="Source\RenderTarget.h">
      <Filter>Rendering\Core</Filter>
    </ClInclude>
    <ClInclude Include="Source\Benchmark.h">
      <Filter>Application\SettingsAndDebug</Filter>
    </ClInclude>
    <ClInclude Include="Source\DebugUtil.h">
      <Filter>Application\SettingsAndDebug</Filter>
    </ClInclude>
    <ClInclude Include="Source\HighResolutionTimer.h">
      <Filter>Application\Time</Filter>
    </ClInclude>
    <ClInclude Include="Source\GameTime.h">
      <Filter>Application\Time</Filter>
    </ClInclude>
    <ClInclude Include="Source\ActorManager.h">
      <Filter>Gameplay\Actor</Filter>
    </ClInclude>
    <ClInclude Include="Source\Actor.h">
      <Filter>Gameplay\Actor</Filter>
    </ClInclude>
    <ClInclude Include="Source\PostProcessController.h">
      <Filter>Gameplay\Scene</Filter>
    </ClInclude>
    <ClInclude Include="Source\Easing.h">
      <Filter>Core\Foundation</Filter>
    </ClInclude>
    <ClInclude Include="Source\GamePostProcess.h">
      <Filter>Rendering\Shader</Filter>
    </ClInclude>
    <ClInclude Include="Source\PBRShader.h">
      <Filter>Rendering\Shader</Filter>
    </ClInclude>
    <ClInclude Include="Source\CameraEffectController.h">
      <Filter>Gameplay\Scene</Filter>
    </ClInclude>
    <ClInclude Include="Source\HitStop.h">
      <Filter>Gameplay\Scene</Filter>
    </ClInclude>
    <ClInclude Include="Source\ParticleSystem.h">
      <Filter>Rendering\Effect</Filter>
    </ClInclude>
    <ClInclude Include="Source\Common.h">
      <Filter>Core\Foundation</Filter>
    </ClInclude>
    <ClInclude Include="Source\Aracore.h">
      <Filter>Gameplay\Actor</Filter>
    </ClInclude>
    <ClInclude Include="Source\Stage.h">
      <Filter>Gameplay\Stage</Filter>
    </ClInclude>
    <ClInclude Include="Source\RectTransform.h">
      <Filter>Core\Object</Filter>
    </ClInclude>
    <ClInclude Include="Source\Transform.h">
      <Filter>Core\Object</Filter>
    </ClInclude>
    <ClInclude Include="Source\Animator.h">
      <Filter>Animation</Filter>
    </ClInclude>
    <ClInclude Include="Source\BoneFollower.h">
      <Filter>Animation</Filter>
    </ClInclude>
    <ClInclude Include="Source\FootIK.h">
      <Filter>Animation</Filter>
    </ClInclude>
    <ClInclude Include="Source\HumanoidFootIK.h">
      <Filter>Animation</Filter>
    </ClInclude>
    <ClInclude Include="Source\SpiderFootIK.h">
      <Filter>Animation</Filter>
    </ClInclude>
    <ClInclude Include="Source\NavMeshObstacle.h">
      <Filter>Physics\Navigation</Filter>
    </ClInclude>
    <ClInclude Include="Source\NavMeshActor.h">
      <Filter>Physics\Navigation</Filter>
    </ClInclude>
    <ClInclude Include="Source\NavMeshAgent.h">
      <Filter>Physics\Navigation</Filter>
    </ClInclude>
    <ClInclude Include="Source\LookAt.h">
      <Filter>Animation</Filter>
    </ClInclude>
    <ClInclude Include="Source\BoneBoxCollider.h">
      <Filter>Physics\Collider</Filter>
    </ClInclude>
    <ClInclude Include="Source\BoneCapsuleCollider.h">
      <Filter>Physics\Collider</Filter>
    </ClInclude>
    <ClInclude Include="Source\BoneCollider.h">
      <Filter>Physics\Collider</Filter>
    </ClInclude>
    <ClInclude Include="Source\BoneSphereCollider.h">
      <Filter>Physics\Collider</Filter>
    </ClInclude>
    <ClInclude Include="Source\BoxCollider.h">
      <Filter>Physics\Collider</Filter>
    </ClInclude>
    <ClInclude Include="Source\CapsuleCollider.h">
      <Filter>Physics\Collider</Filter>
    </ClInclude>
    <ClInclude Include="Source\CharacterController.h">
      <Filter>Physics\Collider</Filter>
    </ClInclude>
    <ClInclude Include="Source\CollidersDef.h">
      <Filter>Physics\Core</Filter>
    </ClInclude>
    <ClInclude Include="Source\MeshCollider.h">
      <Filter>Physics\Collider</Filter>
    </ClInclude>
    <ClInclude Include="Source\SphereCollider.h">
      <Filter>Physics\Collider</Filter>
    </ClInclude>
    <ClInclude Include="Source\SpringBone.h">
      <Filter>Animation</Filter>
    </ClInclude>
    <ClInclude Include="Source\TerrainMeshCollider.h">
      <Filter>Physics\Collider</Filter>
    </ClInclude>
    <ClInclude Include="Source\RigidbodyStatic.h">
      <Filter>Physics\RigidBody</Filter>
    </ClInclude>
    <ClInclude Include="Source\RigidbodyDynamic.h">
      <Filter>Physics\RigidBody</Filter>
    </ClInclude>
  </ItemGroup>
  <ItemGroup>
    <None Include="Shader\PBR.hlsli">
      <Filter>Shaders\3D</Filter>
    </None>
    <None Include="Shader\PBRFunctions.hlsli">
      <Filter>Shaders\3D</Filter>
    </None>
    <None Include="Shader\BasicModel.hlsli">
      <Filter>Shaders\3D</Filter>
    </None>
    <None Include="Shader\PrimitiveRenderer.hlsli">
      <Filter>Shaders\3D</Filter>
    </None>
    <None Include="Shader\ShadowmapCaster.hlsli">
      <Filter>Shaders\3D</Filter>
    </None>
    <None Include="Shader\ShapeRenderer.hlsli">
      <Filter>Shaders\3D</Filter>
    </None>
    <None Include="Shader\TerrainPrimitive.hlsli">
      <Filter>Shaders\3D</Filter>
    </None>
    <None Include="Shader\TrailRenderer.hlsli">
      <Filter>Shaders\3D</Filter>
    </None>
    <None Include="Shader\BasicSprite.hlsli">
      <Filter>Shaders\2D</Filter>
    </None>
    <None Include="Shader\FullScreenQuad.hlsli">
      <Filter>Shaders\PostProcess</Filter>
    </None>
    <None Include="Shader\gbuffer.hlsli">
      <Filter>Shaders\PostProcess</Filter>
    </None>
    <None Include="Shader\filter_functions.hlsli">
      <Filter>Shaders\PostProcess</Filter>
    </None>
    <None Include="Shader\GeometryParticle.hlsli">
      <Filter>Shaders\Particle</Filter>
    </None>
    <None Include="Shader\Scene.hlsli">
      <Filter>Shaders\Common</Filter>
    </None>
    <None Include="Shader\ShadingFunctions.hlsli">
      <Filter>Shaders\Common</Filter>
    </None>
    <None Include="Shader\Skinning.hlsli">
      <Filter>Shaders\Common</Filter>
    </None>
    <None Include=".gitignore">
      <Filter>Project</Filter>
    </None>
    <None Include="README.md">
      <Filter>Project</Filter>
    </None>
    <None Include="Source\Object.inl">
      <Filter>Core\Object</Filter>
    </None>
  </ItemGroup>
  <ItemGroup>
    <FxCompile Include="Shader\PBRGS.hlsl">
      <Filter>Shaders\3D</Filter>
    </FxCompile>
    <FxCompile Include="Shader\PBRPS.hlsl">
      <Filter>Shaders\3D</Filter>
    </FxCompile>
    <FxCompile Include="Shader\PBRVS.hlsl">
      <Filter>Shaders\3D</Filter>
    </FxCompile>
    <FxCompile Include="Shader\BasicModelVS.hlsl">
      <Filter>Shaders\3D</Filter>
    </FxCompile>
    <FxCompile Include="Shader\BasicModelPS.hlsl">
      <Filter>Shaders\3D</Filter>
    </FxCompile>
    <FxCompile Include="Shader\PrimitiveRendererVS.hlsl">
      <Filter>Shaders\3D</Filter>
    </FxCompile>
    <FxCompile Include="Shader\PrimitiveRendererPS.hlsl">
      <Filter>Shaders\3D</Filter>
    </FxCompile>
    <FxCompile Include="Shader\ShadowmapCasterVS.hlsl">
      <Filter>Shaders\3D</Filter>
    </FxCompile>
    <FxCompile Include="Shader\ShapeRendererVS.hlsl">
      <Filter>Shaders\3D</Filter>
    </FxCompile>
    <FxCompile Include="Shader\ShapeRendererPS.hlsl">
      <Filter>Shaders\3D</Filter>
    </FxCompile>
    <FxCompile Include="Shader\SkyBoxVS.hlsl">
      <Filter>Shaders\3D</Filter>
    </FxCompile>
    <FxCompile Include="Shader\SkyBoxPS.hlsl">
      <Filter>Shaders\3D</Filter>
    </FxCompile>
    <FxCompile Include="Shader\TerrainPrimitiveVS.hlsl">
      <Filter>Shaders\3D</Filter>
    </FxCompile>
    <FxCompile Include="Shader\TerrainPrimitiveMeshVS.hlsl">
      <Filter>Shaders\3D</Filter>
    </FxCompile>
    <FxCompile Include="Shader\TerrainPrimitiveDS.hlsl">
      <Filter>Shaders\3D</Filter>
    </FxCompile>
    <FxCompile Include="Shader\TerrainPrimitiveHS.hlsl">
      <Filter>Shaders\3D</Filter>
    </FxCompile>
    <FxCompile Include="Shader\TerrainPrimitivePS.hlsl">
      <Filter>Shaders\3D</Filter>
    </FxCompile>
    <FxCompile Include="Shader\TrailRendererVS.hlsl">
      <Filter>Shaders\3D</Filter>
    </FxCompile>
    <FxCompile Include="Shader\TrailRendererPS.hlsl">
      <Filter>Shaders\3D</Filter>
    </FxCompile>
    <FxCompile Include="Shader\BasicSpriteVS.hlsl">
      <Filter>Shaders\2D</Filter>
    </FxCompile>
    <FxCompile Include="Shader\BasicSpritePS.hlsl">
      <Filter>Shaders\2D</Filter>
    </FxCompile>
    <FxCompile Include="Shader\RadialBlurPS.hlsl">
      <Filter>Shaders\PostProcess</Filter>
    </FxCompile>
    <FxCompile Include="Shader\VignettePS.hlsl">
      <Filter>Shaders\PostProcess</Filter>
    </FxCompile>
    <FxCompile Include="Shader\FullScreenQuadVS.hlsl">
      <Filter>Shaders\PostProcess</Filter>
    </FxCompile>
    <FxCompile Include="Shader\ChromaticAberrationPS.hlsl">
      <Filter>Shaders\PostProcess</Filter>
    </FxCompile>
    <FxCompile Include="Shader\SSAOCompositePS.hlsl">
      <Filter>Shaders\PostProcess</Filter>
    </FxCompile>
    <FxCompile Include="Shader\SSAOPS.hlsl">
      <Filter>Shaders\PostProcess</Filter>
    </FxCompile>
    <FxCompile Include="Shader\FXAAPS.hlsl">
      <Filter>Shaders\PostProcess</Filter>
    </FxCompile>
    <FxCompile Include="Shader\GaussianFilteringPS.hlsl">
      <Filter>Shaders\2D</Filter>
    </FxCompile>
    <FxCompile Include="Shader\TerrainColliderBuildCS.hlsl">
      <Filter>Shaders\3D</Filter>
    </FxCompile>
    <FxCompile Include="Shader\GeometryParticleVS.hlsl">
      <Filter>Shaders\Particle</Filter>
    </FxCompile>
    <FxCompile Include="Shader\GeometryParticleGS.hlsl">
      <Filter>Shaders\Particle</Filter>
    </FxCompile>
    <FxCompile Include="Shader\GeometryParticlePS.hlsl">
      <Filter>Shaders\Particle</Filter>
    </FxCompile>
  </ItemGroup>
</Project>